
Microsoft Visual Studio Solution File, Format Version 12.00
# Visual Studio 15
VisualStudioVersion = 15.0.28307.960
MinimumVisualStudioVersion = 10.0.40219.1
Project("{8BC9CEB8-8B4A-11D0-8D11-00A0C91BC942}") = "studentRoster", "studentRoster\studentRoster.vcxproj", "{F84726E6-FA3E-49C7-831A-4B90CADEE52E}"
EndProject
Global
	GlobalSection(SolutionConfigurationPlatforms) = preSolution
		Debug|x64 = Debug|x64
		Debug|x86 = Debug|x86
		Release|x64 = Release|x64
		Release|x86 = Release|x86
	EndGlobalSection
	GlobalSection(ProjectConfigurationPlatforms) = postSolution
		{F84726E6-FA3E-49C7-831A-4B90CADEE52E}.Debug|x64.ActiveCfg = Debug|x64
		{F84726E6-FA3E-49C7-831A-4B90CADEE52E}.Debug|x64.Build.0 = Debug|x64
		{F84726E6-FA3E-49C7-831A-4B90CADEE52E}.Debug|x86.ActiveCfg = Debug|Win32
		{F84726E6-FA3E-49C7-831A-4B90CADEE52E}.Debug|x86.Build.0 = Debug|Win32
		{F84726E6-FA3E-49C7-831A-4B90CADEE52E}.Release|x64.ActiveCfg = Release|x64
		{F84726E6-FA3E-49C7-831A-4B90CADEE52E}.Release|x64.Build.0 = Release|x64
		{F84726E6-FA3E-49C7-831A-4B90CADEE52E}.Release|x86.ActiveCfg = Release|Win32
		{F84726E6-FA3E-49C7-831A-4B90CADEE52E}.Release|x86.Build.0 = Release|Win32
	EndGlobalSection
	GlobalSection(SolutionProperties) = preSolution
		HideSolutionNode = FALSE
	EndGlobalSection
	GlobalSection(ExtensibilityGlobals) = postSolution
		SolutionGuid = {B0C597A2-FEB9-45F5-A03C-039FC705FBB8}
	EndGlobalSection
EndGlobal
